
Microsoft Visual Studio Solution File, Format Version 12.00
# Visual Studio 14
VisualStudioVersion = 14.0.24720.0
MinimumVisualStudioVersion = 10.0.40219.1
Project("{FAE04EC0-301F-11D3-BF4B-00C04F79EFBC}") = "InterfacesGraphiques", "InterfacesGraphiques\InterfacesGraphiques.csproj", "{F16A73E4-1F11-4005-BF52-15DA2815B8AF}"
EndProject
Project("{FAE04EC0-301F-11D3-BF4B-00C04F79EFBC}") = "Classes", "Classes\Classes.csproj", "{F03109FC-29B6-46AF-9C1C-CDB485EB2839}"
EndProject
Project("{FAE04EC0-301F-11D3-BF4B-00C04F79EFBC}") = "TestsUnitaires", "TestsUnitaires\TestsUnitaires.csproj", "{74416FFB-4D37-4C7E-AA59-5B393728FD10}"
EndProject
Project("{2150E333-8FDC-42A3-9474-1A3956D46DE8}") = "Solution Items", "Solution Items", "{4315216C-3D97-4E2B-B1AB-C3D6281E6F1C}"
	ProjectSection(SolutionItems) = preProject
		Local.testsettings = Local.testsettings
		TestsESA.vsmdi = TestsESA.vsmdi
		TraceAndTestImpact.testsettings = TraceAndTestImpact.testsettings
	EndProjectSection
EndProject
Global
	GlobalSection(SolutionConfigurationPlatforms) = preSolution
		Debug|Any CPU = Debug|Any CPU
		Debug|Mixed Platforms = Debug|Mixed Platforms
		Debug|x86 = Debug|x86
		Release|Any CPU = Release|Any CPU
		Release|Mixed Platforms = Release|Mixed Platforms
		Release|x86 = Release|x86
	EndGlobalSection
	GlobalSection(ProjectConfigurationPlatforms) = postSolution
		{F16A73E4-1F11-4005-BF52-15DA2815B8AF}.Debug|Any CPU.ActiveCfg = Debug|x86
		{F16A73E4-1F11-4005-BF52-15DA2815B8AF}.Debug|Mixed Platforms.ActiveCfg = Debug|x86
		{F16A73E4-1F11-4005-BF52-15DA2815B8AF}.Debug|Mixed Platforms.Build.0 = Debug|x86
		{F16A73E4-1F11-4005-BF52-15DA2815B8AF}.Debug|x86.ActiveCfg = Debug|x86
		{F16A73E4-1F11-4005-BF52-15DA2815B8AF}.Debug|x86.Build.0 = Debug|x86
		{F16A73E4-1F11-4005-BF52-15DA2815B8AF}.Release|Any CPU.ActiveCfg = Release|x86
		{F16A73E4-1F11-4005-BF52-15DA2815B8AF}.Release|Mixed Platforms.ActiveCfg = Release|x86
		{F16A73E4-1F11-4005-BF52-15DA2815B8AF}.Release|Mixed Platforms.Build.0 = Release|x86
		{F16A73E4-1F11-4005-BF52-15DA2815B8AF}.Release|x86.ActiveCfg = Release|x86
		{F16A73E4-1F11-4005-BF52-15DA2815B8AF}.Release|x86.Build.0 = Release|x86
		{F03109FC-29B6-46AF-9C1C-CDB485EB2839}.Debug|Any CPU.ActiveCfg = Debug|Any CPU
		{F03109FC-29B6-46AF-9C1C-CDB485EB2839}.Debug|Any CPU.Build.0 = Debug|Any CPU
		{F03109FC-29B6-46AF-9C1C-CDB485EB2839}.Debug|Mixed Platforms.ActiveCfg = Debug|Any CPU
		{F03109FC-29B6-46AF-9C1C-CDB485EB2839}.Debug|Mixed Platforms.Build.0 = Debug|Any CPU
		{F03109FC-29B6-46AF-9C1C-CDB485EB2839}.Debug|x86.ActiveCfg = Debug|Any CPU
		{F03109FC-29B6-46AF-9C1C-CDB485EB2839}.Release|Any CPU.ActiveCfg = Release|Any CPU
		{F03109FC-29B6-46AF-9C1C-CDB485EB2839}.Release|Any CPU.Build.0 = Release|Any CPU
		{F03109FC-29B6-46AF-9C1C-CDB485EB2839}.Release|Mixed Platforms.ActiveCfg = Release|Any CPU
		{F03109FC-29B6-46AF-9C1C-CDB485EB2839}.Release|Mixed Platforms.Build.0 = Release|Any CPU
		{F03109FC-29B6-46AF-9C1C-CDB485EB2839}.Release|x86.ActiveCfg = Release|Any CPU
		{74416FFB-4D37-4C7E-AA59-5B393728FD10}.Debug|Any CPU.ActiveCfg = Debug|Any CPU
		{74416FFB-4D37-4C7E-AA59-5B393728FD10}.Debug|Any CPU.Build.0 = Debug|Any CPU
		{74416FFB-4D37-4C7E-AA59-5B393728FD10}.Debug|Mixed Platforms.ActiveCfg = Debug|Any CPU
		{74416FFB-4D37-4C7E-AA59-5B393728FD10}.Debug|Mixed Platforms.Build.0 = Debug|Any CPU
		{74416FFB-4D37-4C7E-AA59-5B393728FD10}.Debug|x86.ActiveCfg = Debug|Any CPU
		{74416FFB-4D37-4C7E-AA59-5B393728FD10}.Release|Any CPU.ActiveCfg = Release|Any CPU
		{74416FFB-4D37-4C7E-AA59-5B393728FD10}.Release|Any CPU.Build.0 = Release|Any CPU
		{74416FFB-4D37-4C7E-AA59-5B393728FD10}.Release|Mixed Platforms.ActiveCfg = Release|Any CPU
		{74416FFB-4D37-4C7E-AA59-5B393728FD10}.Release|Mixed Platforms.Build.0 = Release|Any CPU
		{74416FFB-4D37-4C7E-AA59-5B393728FD10}.Release|x86.ActiveCfg = Release|Any CPU
	EndGlobalSection
	GlobalSection(SolutionProperties) = preSolution
		HideSolutionNode = FALSE
	EndGlobalSection
	GlobalSection(TestCaseManagementSettings) = postSolution
		CategoryFile = TestsESA.vsmdi
	EndGlobalSection
EndGlobal
